// !$*UTF8*$!
{
	archiveVersion = 1;
	classes = {
	};
	objectVersion = 77;
	objects = {

/* Begin PBXBuildFile section */
		7B845D7C2C9A5557001C640E /* RealityKit.framework in Frameworks */ = {isa = PBXBuildFile; fileRef = 7B845D7B2C9A5557001C640E /* RealityKit.framework */; };
		7B869B992C83FEFC007BE0C3 /* RealityKitContent in Frameworks */ = {isa = PBXBuildFile; productRef = 7B869B982C83FEFC007BE0C3 /* RealityKitContent */; };
/* End PBXBuildFile section */

/* Begin PBXContainerItemProxy section */
		7B869BAF2C83FEFE007BE0C3 /* PBXContainerItemProxy */ = {
			isa = PBXContainerItemProxy;
			containerPortal = 7B869B8B2C83FEFC007BE0C3 /* Project object */;
			proxyType = 1;
			remoteGlobalIDString = 7B869B922C83FEFC007BE0C3;
			remoteInfo = SBOL;
		};
/* End PBXContainerItemProxy section */

/* Begin PBXFileReference section */
		7B845D7B2C9A5557001C640E /* RealityKit.framework */ = {isa = PBXFileReference; lastKnownFileType = wrapper.framework; name = RealityKit.framework; path = System/Library/Frameworks/RealityKit.framework; sourceTree = SDKROOT; };
		7B869B932C83FEFC007BE0C3 /* SBOL.app */ = {isa = PBXFileReference; explicitFileType = wrapper.application; includeInIndex = 0; path = SBOL.app; sourceTree = BUILT_PRODUCTS_DIR; };
		7B869B972C83FEFC007BE0C3 /* RealityKitContent */ = {isa = PBXFileReference; lastKnownFileType = wrapper; path = RealityKitContent; sourceTree = "<group>"; };
		7B869BAE2C83FEFE007BE0C3 /* SBOLTests.xctest */ = {isa = PBXFileReference; explicitFileType = wrapper.cfbundle; includeInIndex = 0; path = SBOLTests.xctest; sourceTree = BUILT_PRODUCTS_DIR; };
/* End PBXFileReference section */

/* Begin PBXFileSystemSynchronizedBuildFileExceptionSet section */
		7B869BB42C83FEFE007BE0C3 /* Exceptions for "SBOL" folder in "SBOL" target */ = {
			isa = PBXFileSystemSynchronizedBuildFileExceptionSet;
			membershipExceptions = (
				Info.plist,
			);
			target = 7B869B922C83FEFC007BE0C3 /* SBOL */;
		};
		7BBFC5582C949E350002EBCB /* Exceptions for "SBOL" folder in "SBOLTests" target */ = {
			isa = PBXFileSystemSynchronizedBuildFileExceptionSet;
			membershipExceptions = (
				BoxesRender.swift,
				BoxModel.swift,
				BoxViewModel.swift,
			);
			target = 7B869BAD2C83FEFE007BE0C3 /* SBOLTests */;
		};
/* End PBXFileSystemSynchronizedBuildFileExceptionSet section */

/* Begin PBXFileSystemSynchronizedRootGroup section */
		7B869B952C83FEFC007BE0C3 /* SBOL */ = {
			isa = PBXFileSystemSynchronizedRootGroup;
			exceptions = (
				7B869BB42C83FEFE007BE0C3 /* Exceptions for "SBOL" folder in "SBOL" target */,
				7BBFC5582C949E350002EBCB /* Exceptions for "SBOL" folder in "SBOLTests" target */,
			);
			path = SBOL;
			sourceTree = "<group>";
		};
		7B869BB12C83FEFE007BE0C3 /* SBOLTests */ = {
			isa = PBXFileSystemSynchronizedRootGroup;
			path = SBOLTests;
			sourceTree = "<group>";
		};
/* End PBXFileSystemSynchronizedRootGroup section */

/* Begin PBXFrameworksBuildPhase section */
		7B869B902C83FEFC007BE0C3 /* Frameworks */ = {
			isa = PBXFrameworksBuildPhase;
			buildActionMask = 2147483647;
			files = (
				7B845D7C2C9A5557001C640E /* RealityKit.framework in Frameworks */,
				7B869B992C83FEFC007BE0C3 /* RealityKitContent in Frameworks */,
			);
			runOnlyForDeploymentPostprocessing = 0;
		};
		7B869BAB2C83FEFE007BE0C3 /* Frameworks */ = {
			isa = PBXFrameworksBuildPhase;
			buildActionMask = 2147483647;
			files = (
			);
			runOnlyForDeploymentPostprocessing = 0;
		};
/* End PBXFrameworksBuildPhase section */

/* Begin PBXGroup section */
		7B845D7A2C9A5557001C640E /* Frameworks */ = {
			isa = PBXGroup;
			children = (
				7B845D7B2C9A5557001C640E /* RealityKit.framework */,
			);
			name = Frameworks;
			sourceTree = "<group>";
		};
		7B869B8A2C83FEFC007BE0C3 = {
			isa = PBXGroup;
			children = (
				7B869B952C83FEFC007BE0C3 /* SBOL */,
				7B869B962C83FEFC007BE0C3 /* Packages */,
				7B869BB12C83FEFE007BE0C3 /* SBOLTests */,
				7B845D7A2C9A5557001C640E /* Frameworks */,
				7B869B942C83FEFC007BE0C3 /* Products */,
			);
			sourceTree = "<group>";
		};
		7B869B942C83FEFC007BE0C3 /* Products */ = {
			isa = PBXGroup;
			children = (
				7B869B932C83FEFC007BE0C3 /* SBOL.app */,
				7B869BAE2C83FEFE007BE0C3 /* SBOLTests.xctest */,
			);
			name = Products;
			sourceTree = "<group>";
		};
		7B869B962C83FEFC007BE0C3 /* Packages */ = {
			isa = PBXGroup;
			children = (
				7B869B972C83FEFC007BE0C3 /* RealityKitContent */,
			);
			path = Packages;
			sourceTree = "<group>";
		};
/* End PBXGroup section */

/* Begin PBXNativeTarget section */
		7B869B922C83FEFC007BE0C3 /* SBOL */ = {
			isa = PBXNativeTarget;
			buildConfigurationList = 7B869BB52C83FEFE007BE0C3 /* Build configuration list for PBXNativeTarget "SBOL" */;
			buildPhases = (
				7B869B8F2C83FEFC007BE0C3 /* Sources */,
				7B869B902C83FEFC007BE0C3 /* Frameworks */,
				7B869B912C83FEFC007BE0C3 /* Resources */,
			);
			buildRules = (
			);
			dependencies = (
			);
			fileSystemSynchronizedGroups = (
				7B869B952C83FEFC007BE0C3 /* SBOL */,
			);
			name = SBOL;
			packageProductDependencies = (
				7B869B982C83FEFC007BE0C3 /* RealityKitContent */,
			);
			productName = SBOL;
			productReference = 7B869B932C83FEFC007BE0C3 /* SBOL.app */;
			productType = "com.apple.product-type.application";
		};
		7B869BAD2C83FEFE007BE0C3 /* SBOLTests */ = {
			isa = PBXNativeTarget;
			buildConfigurationList = 7B869BBA2C83FEFE007BE0C3 /* Build configuration list for PBXNativeTarget "SBOLTests" */;
			buildPhases = (
				7B869BAA2C83FEFE007BE0C3 /* Sources */,
				7B869BAB2C83FEFE007BE0C3 /* Frameworks */,
				7B869BAC2C83FEFE007BE0C3 /* Resources */,
			);
			buildRules = (
			);
			dependencies = (
				7B869BB02C83FEFE007BE0C3 /* PBXTargetDependency */,
			);
			fileSystemSynchronizedGroups = (
				7B869BB12C83FEFE007BE0C3 /* SBOLTests */,
			);
			name = SBOLTests;
			packageProductDependencies = (
			);
			productName = SBOLTests;
			productReference = 7B869BAE2C83FEFE007BE0C3 /* SBOLTests.xctest */;
			productType = "com.apple.product-type.bundle.unit-test";
		};
/* End PBXNativeTarget section */

/* Begin PBXProject section */
		7B869B8B2C83FEFC007BE0C3 /* Project object */ = {
			isa = PBXProject;
			attributes = {
				BuildIndependentTargetsInParallel = 1;
				LastSwiftUpdateCheck = 1610;
				LastUpgradeCheck = 1610;
				TargetAttributes = {
					7B869B922C83FEFC007BE0C3 = {
						CreatedOnToolsVersion = 16.1;
					};
					7B869BAD2C83FEFE007BE0C3 = {
						CreatedOnToolsVersion = 16.1;
						TestTargetID = 7B869B922C83FEFC007BE0C3;
					};
				};
			};
			buildConfigurationList = 7B869B8E2C83FEFC007BE0C3 /* Build configuration list for PBXProject "SBOL" */;
			developmentRegion = en;
			hasScannedForEncodings = 0;
			knownRegions = (
				en,
				Base,
			);
			mainGroup = 7B869B8A2C83FEFC007BE0C3;
			minimizedProjectReferenceProxies = 1;
			preferredProjectObjectVersion = 77;
			productRefGroup = 7B869B942C83FEFC007BE0C3 /* Products */;
			projectDirPath = "";
			projectRoot = "";
			targets = (
				7B869B922C83FEFC007BE0C3 /* SBOL */,
				7B869BAD2C83FEFE007BE0C3 /* SBOLTests */,
			);
		};
/* End PBXProject section */

/* Begin PBXResourcesBuildPhase section */
		7B869B912C83FEFC007BE0C3 /* Resources */ = {
			isa = PBXResourcesBuildPhase;
			buildActionMask = 2147483647;
			files = (
			);
			runOnlyForDeploymentPostprocessing = 0;
		};
		7B869BAC2C83FEFE007BE0C3 /* Resources */ = {
			isa = PBXResourcesBuildPhase;
			buildActionMask = 2147483647;
			files = (
			);
			runOnlyForDeploymentPostprocessing = 0;
		};
/* End PBXResourcesBuildPhase section */

/* Begin PBXSourcesBuildPhase section */
		7B869B8F2C83FEFC007BE0C3 /* Sources */ = {
			isa = PBXSourcesBuildPhase;
			buildActionMask = 2147483647;
			files = (
			);
			runOnlyForDeploymentPostprocessing = 0;
		};
		7B869BAA2C83FEFE007BE0C3 /* Sources */ = {
			isa = PBXSourcesBuildPhase;
			buildActionMask = 2147483647;
			files = (
			);
			runOnlyForDeploymentPostprocessing = 0;
		};
/* End PBXSourcesBuildPhase section */

/* Begin PBXTargetDependency section */
		7B869BB02C83FEFE007BE0C3 /* PBXTargetDependency */ = {
			isa = PBXTargetDependency;
			target = 7B869B922C83FEFC007BE0C3 /* SBOL */;
			targetProxy = 7B869BAF2C83FEFE007BE0C3 /* PBXContainerItemProxy */;
		};
/* End PBXTargetDependency section */

/* Begin XCBuildConfiguration section */
		7B869BB62C83FEFE007BE0C3 /* Debug */ = {
			isa = XCBuildConfiguration;
			buildSettings = {
				ASSETCATALOG_COMPILER_APPICON_NAME = AppIcon;
				ASSETCATALOG_COMPILER_GLOBAL_ACCENT_COLOR_NAME = AccentColor;
				CODE_SIGN_STYLE = Automatic;
				CURRENT_PROJECT_VERSION = 1;
				DEVELOPMENT_ASSET_PATHS = "\"SBOL/Preview Content\"";
				DEVELOPMENT_TEAM = TDCJUT8A77;
				ENABLE_PREVIEWS = YES;
				GENERATE_INFOPLIST_FILE = YES;
				INFOPLIST_FILE = "$(TARGET_NAME)/Info.plist";
				LD_RUNPATH_SEARCH_PATHS = (
					"$(inherited)",
					"@executable_path/Frameworks",
				);
				MARKETING_VERSION = 1.0;
				PRODUCT_BUNDLE_IDENTIFIER = Koona.SBOL;
				PRODUCT_NAME = "$(TARGET_NAME)";
				SUPPORTED_PLATFORMS = "xros xrsimulator";
				SWIFT_EMIT_LOC_STRINGS = YES;
				SWIFT_VERSION = 5.0;
				TARGETED_DEVICE_FAMILY = 7;
			};
			name = Debug;
		};
		7B869BB72C83FEFE007BE0C3 /* Release */ = {
			isa = XCBuildConfiguration;
			buildSettings = {
				ASSETCATALOG_COMPILER_APPICON_NAME = AppIcon;
				ASSETCATALOG_COMPILER_GLOBAL_ACCENT_COLOR_NAME = AccentColor;
				CODE_SIGN_STYLE = Automatic;
				CURRENT_PROJECT_VERSION = 1;
				DEVELOPMENT_ASSET_PATHS = "\"SBOL/Preview Content\"";
				DEVELOPMENT_TEAM = TDCJUT8A77;
				ENABLE_PREVIEWS = YES;
				GENERATE_INFOPLIST_FILE = YES;
				INFOPLIST_FILE = "$(TARGET_NAME)/Info.plist";
				LD_RUNPATH_SEARCH_PATHS = (
					"$(inherited)",
					"@executable_path/Frameworks",
				);
				MARKETING_VERSION = 1.0;
				PRODUCT_BUNDLE_IDENTIFIER = Koona.SBOL;
				PRODUCT_NAME = "$(TARGET_NAME)";
				SUPPORTED_PLATFORMS = "xros xrsimulator";
				SWIFT_EMIT_LOC_STRINGS = YES;
				SWIFT_VERSION = 5.0;
				TARGETED_DEVICE_FAMILY = 7;
			};
			name = Release;
		};
		7B869BB82C83FEFE007BE0C3 /* Debug */ = {
			isa = XCBuildConfiguration;
			buildSettings = {
				ALWAYS_SEARCH_USER_PATHS = NO;
				ASSETCATALOG_COMPILER_GENERATE_SWIFT_ASSET_SYMBOL_EXTENSIONS = YES;
				CLANG_ANALYZER_NONNULL = YES;
				CLANG_ANALYZER_NUMBER_OBJECT_CONVERSION = YES_AGGRESSIVE;
				CLANG_CXX_LANGUAGE_STANDARD = "gnu++20";
				CLANG_ENABLE_MODULES = YES;
				CLANG_ENABLE_OBJC_ARC = YES;
				CLANG_ENABLE_OBJC_WEAK = YES;
				CLANG_WARN_BLOCK_CAPTURE_AUTORELEASING = YES;
				CLANG_WARN_BOOL_CONVERSION = YES;
				CLANG_WARN_COMMA = YES;
				CLANG_WARN_CONSTANT_CONVERSION = YES;
				CLANG_WARN_DEPRECATED_OBJC_IMPLEMENTATIONS = YES;
				CLANG_WARN_DIRECT_OBJC_ISA_USAGE = YES_ERROR;
				CLANG_WARN_DOCUMENTATION_COMMENTS = YES;
				CLANG_WARN_EMPTY_BODY = YES;
				CLANG_WARN_ENUM_CONVERSION = YES;
				CLANG_WARN_INFINITE_RECURSION = YES;
				CLANG_WARN_INT_CONVERSION = YES;
				CLANG_WARN_NON_LITERAL_NULL_CONVERSION = YES;
				CLANG_WARN_OBJC_IMPLICIT_RETAIN_SELF = YES;
				CLANG_WARN_OBJC_LITERAL_CONVERSION = YES;
				CLANG_WARN_OBJC_ROOT_CLASS = YES_ERROR;
				CLANG_WARN_QUOTED_INCLUDE_IN_FRAMEWORK_HEADER = YES;
				CLANG_WARN_RANGE_LOOP_ANALYSIS = YES;
				CLANG_WARN_STRICT_PROTOTYPES = YES;
				CLANG_WARN_SUSPICIOUS_MOVE = YES;
				CLANG_WARN_UNGUARDED_AVAILABILITY = YES_AGGRESSIVE;
				CLANG_WARN_UNREACHABLE_CODE = YES;
				CLANG_WARN__DUPLICATE_METHOD_MATCH = YES;
				COPY_PHASE_STRIP = NO;
				DEBUG_INFORMATION_FORMAT = dwarf;
				ENABLE_STRICT_OBJC_MSGSEND = YES;
				ENABLE_TESTABILITY = YES;
				ENABLE_USER_SCRIPT_SANDBOXING = YES;
				GCC_C_LANGUAGE_STANDARD = gnu17;
				GCC_DYNAMIC_NO_PIC = NO;
				GCC_NO_COMMON_BLOCKS = YES;
				GCC_OPTIMIZATION_LEVEL = 0;
				GCC_PREPROCESSOR_DEFINITIONS = (
					"DEBUG=1",
					"$(inherited)",
				);
				GCC_WARN_64_TO_32_BIT_CONVERSION = YES;
				GCC_WARN_ABOUT_RETURN_TYPE = YES_ERROR;
				GCC_WARN_UNDECLARED_SELECTOR = YES;
				GCC_WARN_UNINITIALIZED_AUTOS = YES_AGGRESSIVE;
				GCC_WARN_UNUSED_FUNCTION = YES;
				GCC_WARN_UNUSED_VARIABLE = YES;
				INFOPLIST_KEY_MetalCaptureEnabled = YES;
				LOCALIZATION_PREFERS_STRING_CATALOGS = YES;
				MTL_ENABLE_DEBUG_INFO = INCLUDE_SOURCE;
				MTL_FAST_MATH = YES;
				ONLY_ACTIVE_ARCH = YES;
				SDKROOT = xros;
				SWIFT_ACTIVE_COMPILATION_CONDITIONS = "DEBUG $(inherited)";
				SWIFT_OPTIMIZATION_LEVEL = "-Onone";
				VALIDATE_PRODUCT = YES;
				XROS_DEPLOYMENT_TARGET = 2.0;
			};
			name = Debug;
		};
		7B869BB92C83FEFE007BE0C3 /* Release */ = {
			isa = XCBuildConfiguration;
			buildSettings = {
				ALWAYS_SEARCH_USER_PATHS = NO;
				ASSETCATALOG_COMPILER_GENERATE_SWIFT_ASSET_SYMBOL_EXTENSIONS = YES;
				CLANG_ANALYZER_NONNULL = YES;
				CLANG_ANALYZER_NUMBER_OBJECT_CONVERSION = YES_AGGRESSIVE;
				CLANG_CXX_LANGUAGE_STANDARD = "gnu++20";
				CLANG_ENABLE_MODULES = YES;
				CLANG_ENABLE_OBJC_ARC = YES;
				CLANG_ENABLE_OBJC_WEAK = YES;
				CLANG_WARN_BLOCK_CAPTURE_AUTORELEASING = YES;
				CLANG_WARN_BOOL_CONVERSION = YES;
				CLANG_WARN_COMMA = YES;
				CLANG_WARN_CONSTANT_CONVERSION = YES;
				CLANG_WARN_DEPRECATED_OBJC_IMPLEMENTATIONS = YES;
				CLANG_WARN_DIRECT_OBJC_ISA_USAGE = YES_ERROR;
				CLANG_WARN_DOCUMENTATION_COMMENTS = YES;
				CLANG_WARN_EMPTY_BODY = YES;
				CLANG_WARN_ENUM_CONVERSION = YES;
				CLANG_WARN_INFINITE_RECURSION = YES;
				CLANG_WARN_INT_CONVERSION = YES;
				CLANG_WARN_NON_LITERAL_NULL_CONVERSION = YES;
				CLANG_WARN_OBJC_IMPLICIT_RETAIN_SELF = YES;
				CLANG_WARN_OBJC_LITERAL_CONVERSION = YES;
				CLANG_WARN_OBJC_ROOT_CLASS = YES_ERROR;
				CLANG_WARN_QUOTED_INCLUDE_IN_FRAMEWORK_HEADER = YES;
				CLANG_WARN_RANGE_LOOP_ANALYSIS = YES;
				CLANG_WARN_STRICT_PROTOTYPES = YES;
				CLANG_WARN_SUSPICIOUS_MOVE = YES;
				CLANG_WARN_UNGUARDED_AVAILABILITY = YES_AGGRESSIVE;
				CLANG_WARN_UNREACHABLE_CODE = YES;
				CLANG_WARN__DUPLICATE_METHOD_MATCH = YES;
				COPY_PHASE_STRIP = NO;
				DEBUG_INFORMATION_FORMAT = "dwarf-with-dsym";
				ENABLE_NS_ASSERTIONS = NO;
				ENABLE_STRICT_OBJC_MSGSEND = YES;
				ENABLE_USER_SCRIPT_SANDBOXING = YES;
				GCC_C_LANGUAGE_STANDARD = gnu17;
				GCC_NO_COMMON_BLOCKS = YES;
				GCC_WARN_64_TO_32_BIT_CONVERSION = YES;
				GCC_WARN_ABOUT_RETURN_TYPE = YES_ERROR;
				GCC_WARN_UNDECLARED_SELECTOR = YES;
				GCC_WARN_UNINITIALIZED_AUTOS = YES_AGGRESSIVE;
				GCC_WARN_UNUSED_FUNCTION = YES;
				GCC_WARN_UNUSED_VARIABLE = YES;
				INFOPLIST_KEY_MetalCaptureEnabled = YES;
				LOCALIZATION_PREFERS_STRING_CATALOGS = YES;
				MTL_ENABLE_DEBUG_INFO = NO;
				MTL_FAST_MATH = YES;
				SDKROOT = xros;
				SWIFT_COMPILATION_MODE = wholemodule;
				VALIDATE_PRODUCT = YES;
				XROS_DEPLOYMENT_TARGET = 2.0;
			};
			name = Release;
		};
		7B869BBB2C83FEFE007BE0C3 /* Debug */ = {
			isa = XCBuildConfiguration;
			buildSettings = {
				BUNDLE_LOADER = "$(TEST_HOST)";
				CODE_SIGN_STYLE = Automatic;
				CURRENT_PROJECT_VERSION = 1;
				GENERATE_INFOPLIST_FILE = YES;
				MARKETING_VERSION = 1.0;
				PRODUCT_BUNDLE_IDENTIFIER = Koona.SBOLTests;
				PRODUCT_NAME = "$(TARGET_NAME)";
				SUPPORTED_PLATFORMS = "xros xrsimulator";
				SWIFT_EMIT_LOC_STRINGS = NO;
				SWIFT_VERSION = 5.0;
				TARGETED_DEVICE_FAMILY = 7;
				TEST_HOST = "$(BUILT_PRODUCTS_DIR)/SBOL.app/$(BUNDLE_EXECUTABLE_FOLDER_PATH)/SBOL";
				XROS_DEPLOYMENT_TARGET = 2.0;
			};
			name = Debug;
		};
		7B869BBC2C83FEFE007BE0C3 /* Release */ = {
			isa = XCBuildConfiguration;
			buildSettings = {
				BUNDLE_LOADER = "$(TEST_HOST)";
				CODE_SIGN_STYLE = Automatic;
				CURRENT_PROJECT_VERSION = 1;
				GENERATE_INFOPLIST_FILE = YES;
				MARKETING_VERSION = 1.0;
				PRODUCT_BUNDLE_IDENTIFIER = Koona.SBOLTests;
				PRODUCT_NAME = "$(TARGET_NAME)";
				SUPPORTED_PLATFORMS = "xros xrsimulator";
				SWIFT_EMIT_LOC_STRINGS = NO;
				SWIFT_VERSION = 5.0;
				TARGETED_DEVICE_FAMILY = 7;
				TEST_HOST = "$(BUILT_PRODUCTS_DIR)/SBOL.app/$(BUNDLE_EXECUTABLE_FOLDER_PATH)/SBOL";
				XROS_DEPLOYMENT_TARGET = 2.0;
			};
			name = Release;
		};
/* End XCBuildConfiguration section */

/* Begin XCConfigurationList section */
		7B869B8E2C83FEFC007BE0C3 /* Build configuration list for PBXProject "SBOL" */ = {
			isa = XCConfigurationList;
			buildConfigurations = (
				7B869BB82C83FEFE007BE0C3 /* Debug */,
				7B869BB92C83FEFE007BE0C3 /* Release */,
			);
			defaultConfigurationIsVisible = 0;
			defaultConfigurationName = Release;
		};
		7B869BB52C83FEFE007BE0C3 /* Build configuration list for PBXNativeTarget "SBOL" */ = {
			isa = XCConfigurationList;
			buildConfigurations = (
				7B869BB62C83FEFE007BE0C3 /* Debug */,
				7B869BB72C83FEFE007BE0C3 /* Release */,
			);
			defaultConfigurationIsVisible = 0;
			defaultConfigurationName = Release;
		};
		7B869BBA2C83FEFE007BE0C3 /* Build configuration list for PBXNativeTarget "SBOLTests" */ = {
			isa = XCConfigurationList;
			buildConfigurations = (
				7B869BBB2C83FEFE007BE0C3 /* Debug */,
				7B869BBC2C83FEFE007BE0C3 /* Release */,
			);
			defaultConfigurationIsVisible = 0;
			defaultConfigurationName = Release;
		};
/* End XCConfigurationList section */

/* Begin XCSwiftPackageProductDependency section */
		7B869B982C83FEFC007BE0C3 /* RealityKitContent */ = {
			isa = XCSwiftPackageProductDependency;
			productName = RealityKitContent;
		};
/* End XCSwiftPackageProductDependency section */
	};
	rootObject = 7B869B8B2C83FEFC007BE0C3 /* Project object */;
}
